// !$*UTF8*$!
{
	archiveVersion = 1;
	classes = {
	};
	objectVersion = 56;
	objects = {

/* Begin PBXBuildFile section */
		CE3767712C4F2A4A00F23528 /* ProfileView.swift in Sources */ = {isa = PBXBuildFile; fileRef = CE3767702C4F2A4900F23528 /* ProfileView.swift */; };
		CE3767732C4F2C1200F23528 /* Models.swift in Sources */ = {isa = PBXBuildFile; fileRef = CE3767722C4F2C1200F23528 /* Models.swift */; };
		CE3767752C4F2DEA00F23528 /* AppView.swift in Sources */ = {isa = PBXBuildFile; fileRef = CE3767742C4F2DEA00F23528 /* AppView.swift */; };
		CE474C142C4F1D4C00ADED13 /* Supabase_User_ManagementApp.swift in Sources */ = {isa = PBXBuildFile; fileRef = CE474C132C4F1D4C00ADED13 /* Supabase_User_ManagementApp.swift */; };
		CE474C182C4F1D5200ADED13 /* Assets.xcassets in Resources */ = {isa = PBXBuildFile; fileRef = CE474C172C4F1D5200ADED13 /* Assets.xcassets */; };
		CE474C1B2C4F1D5200ADED13 /* Preview Assets.xcassets in Resources */ = {isa = PBXBuildFile; fileRef = CE474C1A2C4F1D5200ADED13 /* Preview Assets.xcassets */; };
		CE474C232C4F20F400ADED13 /* Supabase in Frameworks */ = {isa = PBXBuildFile; productRef = CE474C222C4F20F400ADED13 /* Supabase */; };
		CE474C252C4F217600ADED13 /* Supabase.swift in Sources */ = {isa = PBXBuildFile; fileRef = CE474C242C4F217600ADED13 /* Supabase.swift */; };
		CE474C272C4F237100ADED13 /* AuthView.swift in Sources */ = {isa = PBXBuildFile; fileRef = CE474C262C4F237100ADED13 /* AuthView.swift */; };
/* End PBXBuildFile section */

/* Begin PBXFileReference section */
		CE37676F2C4F295900F23528 /* Supabase-User-Management-Info.plist */ = {isa = PBXFileReference; lastKnownFileType = text.plist; path = "Supabase-User-Management-Info.plist"; sourceTree = SOURCE_ROOT; };
		CE3767702C4F2A4900F23528 /* ProfileView.swift */ = {isa = PBXFileReference; lastKnownFileType = sourcecode.swift; path = ProfileView.swift; sourceTree = "<group>"; };
		CE3767722C4F2C1200F23528 /* Models.swift */ = {isa = PBXFileReference; lastKnownFileType = sourcecode.swift; path = Models.swift; sourceTree = "<group>"; };
		CE3767742C4F2DEA00F23528 /* AppView.swift */ = {isa = PBXFileReference; lastKnownFileType = sourcecode.swift; path = AppView.swift; sourceTree = "<group>"; };
		CE474C102C4F1D4C00ADED13 /* Supabase User Management.app */ = {isa = PBXFileReference; explicitFileType = wrapper.application; includeInIndex = 0; path = "Supabase User Management.app"; sourceTree = BUILT_PRODUCTS_DIR; };
		CE474C132C4F1D4C00ADED13 /* Supabase_User_ManagementApp.swift */ = {isa = PBXFileReference; lastKnownFileType = sourcecode.swift; path = Supabase_User_ManagementApp.swift; sourceTree = "<group>"; };
		CE474C172C4F1D5200ADED13 /* Assets.xcassets */ = {isa = PBXFileReference; lastKnownFileType = folder.assetcatalog; path = Assets.xcassets; sourceTree = "<group>"; };
		CE474C1A2C4F1D5200ADED13 /* Preview Assets.xcassets */ = {isa = PBXFileReference; lastKnownFileType = folder.assetcatalog; path = "Preview Assets.xcassets"; sourceTree = "<group>"; };
		CE474C242C4F217600ADED13 /* Supabase.swift */ = {isa = PBXFileReference; lastKnownFileType = sourcecode.swift; path = Supabase.swift; sourceTree = "<group>"; };
		CE474C262C4F237100ADED13 /* AuthView.swift */ = {isa = PBXFileReference; lastKnownFileType = sourcecode.swift; path = AuthView.swift; sourceTree = "<group>"; };
/* End PBXFileReference section */

/* Begin PBXFrameworksBuildPhase section */
		CE474C0D2C4F1D4C00ADED13 /* Frameworks */ = {
			isa = PBXFrameworksBuildPhase;
			buildActionMask = 2147483647;
			files = (
				CE474C232C4F20F400ADED13 /* Supabase in Frameworks */,
			);
			runOnlyForDeploymentPostprocessing = 0;
		};
/* End PBXFrameworksBuildPhase section */

/* Begin PBXGroup section */
		CE474C072C4F1D4C00ADED13 = {
			isa = PBXGroup;
			children = (
				CE474C122C4F1D4C00ADED13 /* Supabase User Management */,
				CE474C112C4F1D4C00ADED13 /* Products */,
			);
			sourceTree = "<group>";
		};
		CE474C112C4F1D4C00ADED13 /* Products */ = {
			isa = PBXGroup;
			children = (
				CE474C102C4F1D4C00ADED13 /* Supabase User Management.app */,
			);
			name = Products;
			sourceTree = "<group>";
		};
		CE474C122C4F1D4C00ADED13 /* Supabase User Management */ = {
			isa = PBXGroup;
			children = (
				CE37676F2C4F295900F23528 /* Supabase-User-Management-Info.plist */,
				CE474C132C4F1D4C00ADED13 /* Supabase_User_ManagementApp.swift */,
				CE3767742C4F2DEA00F23528 /* AppView.swift */,
				CE474C242C4F217600ADED13 /* Supabase.swift */,
				CE474C262C4F237100ADED13 /* AuthView.swift */,
				CE3767702C4F2A4900F23528 /* ProfileView.swift */,
				CE3767722C4F2C1200F23528 /* Models.swift */,
				CE474C172C4F1D5200ADED13 /* Assets.xcassets */,
				CE474C192C4F1D5200ADED13 /* Preview Content */,
			);
			path = "Supabase User Management";
			sourceTree = "<group>";
		};
		CE474C192C4F1D5200ADED13 /* Preview Content */ = {
			isa = PBXGroup;
			children = (
				CE474C1A2C4F1D5200ADED13 /* Preview Assets.xcassets */,
			);
			path = "Preview Content";
			sourceTree = "<group>";
		};
/* End PBXGroup section */

/* Begin PBXNativeTarget section */
		CE474C0F2C4F1D4C00ADED13 /* Supabase User Management */ = {
			isa = PBXNativeTarget;
			buildConfigurationList = CE474C1E2C4F1D5200ADED13 /* Build configuration list for PBXNativeTarget "Supabase User Management" */;
			buildPhases = (
				CE474C0C2C4F1D4C00ADED13 /* Sources */,
				CE474C0D2C4F1D4C00ADED13 /* Frameworks */,
				CE474C0E2C4F1D4C00ADED13 /* Resources */,
			);
			buildRules = (
			);
			dependencies = (
			);
			name = "Supabase User Management";
			packageProductDependencies = (
				CE474C222C4F20F400ADED13 /* Supabase */,
			);
			productName = "Supabase User Management";
			productReference = CE474C102C4F1D4C00ADED13 /* Supabase User Management.app */;
			productType = "com.apple.product-type.application";
		};
/* End PBXNativeTarget section */

/* Begin PBXProject section */
		CE474C082C4F1D4C00ADED13 /* Project object */ = {
			isa = PBXProject;
			attributes = {
				BuildIndependentTargetsInParallel = 1;
				LastSwiftUpdateCheck = 1500;
				LastUpgradeCheck = 1500;
				TargetAttributes = {
					CE474C0F2C4F1D4C00ADED13 = {
						CreatedOnToolsVersion = 15.0.1;
					};
				};
			};
			buildConfigurationList = CE474C0B2C4F1D4C00ADED13 /* Build configuration list for PBXProject "Supabase User Management" */;
			compatibilityVersion = "Xcode 14.0";
			developmentRegion = en;
			hasScannedForEncodings = 0;
			knownRegions = (
				en,
				Base,
			);
			mainGroup = CE474C072C4F1D4C00ADED13;
			packageReferences = (
				CE474C212C4F20F400ADED13 /* XCRemoteSwiftPackageReference "supabase-swift" */,
			);
			productRefGroup = CE474C112C4F1D4C00ADED13 /* Products */;
			projectDirPath = "";
			projectRoot = "";
			targets = (
				CE474C0F2C4F1D4C00ADED13 /* Supabase User Management */,
			);
		};
/* End PBXProject section */

/* Begin PBXResourcesBuildPhase section */
		CE474C0E2C4F1D4C00ADED13 /* Resources */ = {
			isa = PBXResourcesBuildPhase;
			buildActionMask = 2147483647;
			files = (
				CE474C1B2C4F1D5200ADED13 /* Preview Assets.xcassets in Resources */,
				CE474C182C4F1D5200ADED13 /* Assets.xcassets in Resources */,
			);
			runOnlyForDeploymentPostprocessing = 0;
		};
/* End PBXResourcesBuildPhase section */

/* Begin PBXSourcesBuildPhase section */
		CE474C0C2C4F1D4C00ADED13 /* Sources */ = {
			isa = PBXSourcesBuildPhase;
			buildActionMask = 2147483647;
			files = (
				CE474C252C4F217600ADED13 /* Supabase.swift in Sources */,
				CE3767712C4F2A4A00F23528 /* ProfileView.swift in Sources */,
				CE3767752C4F2DEA00F23528 /* AppView.swift in Sources */,
				CE3767732C4F2C1200F23528 /* Models.swift in Sources */,
				CE474C272C4F237100ADED13 /* AuthView.swift in Sources */,
				CE474C142C4F1D4C00ADED13 /* Supabase_User_ManagementApp.swift in Sources */,
			);
			runOnlyForDeploymentPostprocessing = 0;
		};
/* End PBXSourcesBuildPhase section */

/* Begin XCBuildConfiguration section */
		CE474C1C2C4F1D5200ADED13 /* Debug */ = {
			isa = XCBuildConfiguration;
			buildSettings = {
				ALWAYS_SEARCH_USER_PATHS = NO;
				ASSETCATALOG_COMPILER_GENERATE_SWIFT_ASSET_SYMBOL_EXTENSIONS = YES;
				CLANG_ANALYZER_NONNULL = YES;
				CLANG_ANALYZER_NUMBER_OBJECT_CONVERSION = YES_AGGRESSIVE;
				CLANG_CXX_LANGUAGE_STANDARD = "gnu++20";
				CLANG_ENABLE_MODULES = YES;
				CLANG_ENABLE_OBJC_ARC = YES;
				CLANG_ENABLE_OBJC_WEAK = YES;
				CLANG_WARN_BLOCK_CAPTURE_AUTORELEASING = YES;
				CLANG_WARN_BOOL_CONVERSION = YES;
				CLANG_WARN_COMMA = YES;
				CLANG_WARN_CONSTANT_CONVERSION = YES;
				CLANG_WARN_DEPRECATED_OBJC_IMPLEMENTATIONS = YES;
				CLANG_WARN_DIRECT_OBJC_ISA_USAGE = YES_ERROR;
				CLANG_WARN_DOCUMENTATION_COMMENTS = YES;
				CLANG_WARN_EMPTY_BODY = YES;
				CLANG_WARN_ENUM_CONVERSION = YES;
				CLANG_WARN_INFINITE_RECURSION = YES;
				CLANG_WARN_INT_CONVERSION = YES;
				CLANG_WARN_NON_LITERAL_NULL_CONVERSION = YES;
				CLANG_WARN_OBJC_IMPLICIT_RETAIN_SELF = YES;
				CLANG_WARN_OBJC_LITERAL_CONVERSION = YES;
				CLANG_WARN_OBJC_ROOT_CLASS = YES_ERROR;
				CLANG_WARN_QUOTED_INCLUDE_IN_FRAMEWORK_HEADER = YES;
				CLANG_WARN_RANGE_LOOP_ANALYSIS = YES;
				CLANG_WARN_STRICT_PROTOTYPES = YES;
				CLANG_WARN_SUSPICIOUS_MOVE = YES;
				CLANG_WARN_UNGUARDED_AVAILABILITY = YES_AGGRESSIVE;
				CLANG_WARN_UNREACHABLE_CODE = YES;
				CLANG_WARN__DUPLICATE_METHOD_MATCH = YES;
				COPY_PHASE_STRIP = NO;
				DEBUG_INFORMATION_FORMAT = dwarf;
				ENABLE_STRICT_OBJC_MSGSEND = YES;
				ENABLE_TESTABILITY = YES;
				ENABLE_USER_SCRIPT_SANDBOXING = YES;
				GCC_C_LANGUAGE_STANDARD = gnu17;
				GCC_DYNAMIC_NO_PIC = NO;
				GCC_NO_COMMON_BLOCKS = YES;
				GCC_OPTIMIZATION_LEVEL = 0;
				GCC_PREPROCESSOR_DEFINITIONS = (
					"DEBUG=1",
					"$(inherited)",
				);
				GCC_WARN_64_TO_32_BIT_CONVERSION = YES;
				GCC_WARN_ABOUT_RETURN_TYPE = YES_ERROR;
				GCC_WARN_UNDECLARED_SELECTOR = YES;
				GCC_WARN_UNINITIALIZED_AUTOS = YES_AGGRESSIVE;
				GCC_WARN_UNUSED_FUNCTION = YES;
				GCC_WARN_UNUSED_VARIABLE = YES;
				IPHONEOS_DEPLOYMENT_TARGET = 17.0;
				LOCALIZATION_PREFERS_STRING_CATALOGS = YES;
				MTL_ENABLE_DEBUG_INFO = INCLUDE_SOURCE;
				MTL_FAST_MATH = YES;
				ONLY_ACTIVE_ARCH = YES;
				SDKROOT = iphoneos;
				SWIFT_ACTIVE_COMPILATION_CONDITIONS = "DEBUG $(inherited)";
				SWIFT_OPTIMIZATION_LEVEL = "-Onone";
			};
			name = Debug;
		};
		CE474C1D2C4F1D5200ADED13 /* Release */ = {
			isa = XCBuildConfiguration;
			buildSettings = {
				ALWAYS_SEARCH_USER_PATHS = NO;
				ASSETCATALOG_COMPILER_GENERATE_SWIFT_ASSET_SYMBOL_EXTENSIONS = YES;
				CLANG_ANALYZER_NONNULL = YES;
				CLANG_ANALYZER_NUMBER_OBJECT_CONVERSION = YES_AGGRESSIVE;
				CLANG_CXX_LANGUAGE_STANDARD = "gnu++20";
				CLANG_ENABLE_MODULES = YES;
				CLANG_ENABLE_OBJC_ARC = YES;
				CLANG_ENABLE_OBJC_WEAK = YES;
				CLANG_WARN_BLOCK_CAPTURE_AUTORELEASING = YES;
				CLANG_WARN_BOOL_CONVERSION = YES;
				CLANG_WARN_COMMA = YES;
				CLANG_WARN_CONSTANT_CONVERSION = YES;
				CLANG_WARN_DEPRECATED_OBJC_IMPLEMENTATIONS = YES;
				CLANG_WARN_DIRECT_OBJC_ISA_USAGE = YES_ERROR;
				CLANG_WARN_DOCUMENTATION_COMMENTS = YES;
				CLANG_WARN_EMPTY_BODY = YES;
				CLANG_WARN_ENUM_CONVERSION = YES;
				CLANG_WARN_INFINITE_RECURSION = YES;
				CLANG_WARN_INT_CONVERSION = YES;
				CLANG_WARN_NON_LITERAL_NULL_CONVERSION = YES;
				CLANG_WARN_OBJC_IMPLICIT_RETAIN_SELF = YES;
				CLANG_WARN_OBJC_LITERAL_CONVERSION = YES;
				CLANG_WARN_OBJC_ROOT_CLASS = YES_ERROR;
				CLANG_WARN_QUOTED_INCLUDE_IN_FRAMEWORK_HEADER = YES;
				CLANG_WARN_RANGE_LOOP_ANALYSIS = YES;
				CLANG_WARN_STRICT_PROTOTYPES = YES;
				CLANG_WARN_SUSPICIOUS_MOVE = YES;
				CLANG_WARN_UNGUARDED_AVAILABILITY = YES_AGGRESSIVE;
				CLANG_WARN_UNREACHABLE_CODE = YES;
				CLANG_WARN__DUPLICATE_METHOD_MATCH = YES;
				COPY_PHASE_STRIP = NO;
				DEBUG_INFORMATION_FORMAT = "dwarf-with-dsym";
				ENABLE_NS_ASSERTIONS = NO;
				ENABLE_STRICT_OBJC_MSGSEND = YES;
				ENABLE_USER_SCRIPT_SANDBOXING = YES;
				GCC_C_LANGUAGE_STANDARD = gnu17;
				GCC_NO_COMMON_BLOCKS = YES;
				GCC_WARN_64_TO_32_BIT_CONVERSION = YES;
				GCC_WARN_ABOUT_RETURN_TYPE = YES_ERROR;
				GCC_WARN_UNDECLARED_SELECTOR = YES;
				GCC_WARN_UNINITIALIZED_AUTOS = YES_AGGRESSIVE;
				GCC_WARN_UNUSED_FUNCTION = YES;
				GCC_WARN_UNUSED_VARIABLE = YES;
				IPHONEOS_DEPLOYMENT_TARGET = 17.0;
				LOCALIZATION_PREFERS_STRING_CATALOGS = YES;
				MTL_ENABLE_DEBUG_INFO = NO;
				MTL_FAST_MATH = YES;
				SDKROOT = iphoneos;
				SWIFT_COMPILATION_MODE = wholemodule;
				VALIDATE_PRODUCT = YES;
			};
			name = Release;
		};
		CE474C1F2C4F1D5200ADED13 /* Debug */ = {
			isa = XCBuildConfiguration;
			buildSettings = {
				ASSETCATALOG_COMPILER_APPICON_NAME = AppIcon;
				ASSETCATALOG_COMPILER_GLOBAL_ACCENT_COLOR_NAME = AccentColor;
				CODE_SIGN_STYLE = Automatic;
				CURRENT_PROJECT_VERSION = 1;
				DEVELOPMENT_ASSET_PATHS = "\"Supabase User Management/Preview Content\"";
				DEVELOPMENT_TEAM = F2DAZJL548;
				ENABLE_PREVIEWS = YES;
				GENERATE_INFOPLIST_FILE = YES;
				INFOPLIST_FILE = "Supabase-User-Management-Info.plist";
				INFOPLIST_KEY_UIApplicationSceneManifest_Generation = YES;
				INFOPLIST_KEY_UIApplicationSupportsIndirectInputEvents = YES;
				INFOPLIST_KEY_UILaunchScreen_Generation = YES;
				INFOPLIST_KEY_UISupportedInterfaceOrientations_iPad = "UIInterfaceOrientationPortrait UIInterfaceOrientationPortraitUpsideDown UIInterfaceOrientationLandscapeLeft UIInterfaceOrientationLandscapeRight";
				INFOPLIST_KEY_UISupportedInterfaceOrientations_iPhone = "UIInterfaceOrientationPortrait UIInterfaceOrientationLandscapeLeft UIInterfaceOrientationLandscapeRight";
				LD_RUNPATH_SEARCH_PATHS = (
					"$(inherited)",
					"@executable_path/Frameworks",
				);
				MARKETING_VERSION = 1.0;
				PRODUCT_BUNDLE_IDENTIFIER = "com.godwin.Supabase-User-Management";
				PRODUCT_NAME = "$(TARGET_NAME)";
				SWIFT_EMIT_LOC_STRINGS = YES;
				SWIFT_VERSION = 5.0;
				TARGETED_DEVICE_FAMILY = "1,2";
			};
			name = Debug;
		};
		CE474C202C4F1D5200ADED13 /* Release */ = {
			isa = XCBuildConfiguration;
			buildSettings = {
				ASSETCATALOG_COMPILER_APPICON_NAME = AppIcon;
				ASSETCATALOG_COMPILER_GLOBAL_ACCENT_COLOR_NAME = AccentColor;
				CODE_SIGN_STYLE = Automatic;
				CURRENT_PROJECT_VERSION = 1;
				DEVELOPMENT_ASSET_PATHS = "\"Supabase User Management/Preview Content\"";
				DEVELOPMENT_TEAM = F2DAZJL548;
				ENABLE_PREVIEWS = YES;
				GENERATE_INFOPLIST_FILE = YES;
				INFOPLIST_FILE = "Supabase-User-Management-Info.plist";
				INFOPLIST_KEY_UIApplicationSceneManifest_Generation = YES;
				INFOPLIST_KEY_UIApplicationSupportsIndirectInputEvents = YES;
				INFOPLIST_KEY_UILaunchScreen_Generation = YES;
				INFOPLIST_KEY_UISupportedInterfaceOrientations_iPad = "UIInterfaceOrientationPortrait UIInterfaceOrientationPortraitUpsideDown UIInterfaceOrientationLandscapeLeft UIInterfaceOrientationLandscapeRight";
				INFOPLIST_KEY_UISupportedInterfaceOrientations_iPhone = "UIInterfaceOrientationPortrait UIInterfaceOrientationLandscapeLeft UIInterfaceOrientationLandscapeRight";
				LD_RUNPATH_SEARCH_PATHS = (
					"$(inherited)",
					"@executable_path/Frameworks",
				);
				MARKETING_VERSION = 1.0;
				PRODUCT_BUNDLE_IDENTIFIER = "com.godwin.Supabase-User-Management";
				PRODUCT_NAME = "$(TARGET_NAME)";
				SWIFT_EMIT_LOC_STRINGS = YES;
				SWIFT_VERSION = 5.0;
				TARGETED_DEVICE_FAMILY = "1,2";
			};
			name = Release;
		};
/* End XCBuildConfiguration section */

/* Begin XCConfigurationList section */
		CE474C0B2C4F1D4C00ADED13 /* Build configuration list for PBXProject "Supabase User Management" */ = {
			isa = XCConfigurationList;
			buildConfigurations = (
				CE474C1C2C4F1D5200ADED13 /* Debug */,
				CE474C1D2C4F1D5200ADED13 /* Release */,
			);
			defaultConfigurationIsVisible = 0;
			defaultConfigurationName = Release;
		};
		CE474C1E2C4F1D5200ADED13 /* Build configuration list for PBXNativeTarget "Supabase User Management" */ = {
			isa = XCConfigurationList;
			buildConfigurations = (
				CE474C1F2C4F1D5200ADED13 /* Debug */,
				CE474C202C4F1D5200ADED13 /* Release */,
			);
			defaultConfigurationIsVisible = 0;
			defaultConfigurationName = Release;
		};
/* End XCConfigurationList section */

/* Begin XCRemoteSwiftPackageReference section */
		CE474C212C4F20F400ADED13 /* XCRemoteSwiftPackageReference "supabase-swift" */ = {
			isa = XCRemoteSwiftPackageReference;
			repositoryURL = "https://github.com/supabase/supabase-swift";
			requirement = {
				kind = upToNextMajorVersion;
				minimumVersion = 2.5.1;
			};
		};
/* End XCRemoteSwiftPackageReference section */

/* Begin XCSwiftPackageProductDependency section */
		CE474C222C4F20F400ADED13 /* Supabase */ = {
			isa = XCSwiftPackageProductDependency;
			package = CE474C212C4F20F400ADED13 /* XCRemoteSwiftPackageReference "supabase-swift" */;
			productName = Supabase;
		};
/* End XCSwiftPackageProductDependency section */
	};
	rootObject = CE474C082C4F1D4C00ADED13 /* Project object */;
}
